
Microsoft Visual Studio Solution File, Format Version 12.00
# Visual Studio Version 17
VisualStudioVersion = 17.5.002.0
MinimumVisualStudioVersion = 10.0.40219.1
Project("{9A19103F-16F7-4668-BE54-9A1E7A4F7556}") = "ComicSystem", "ComicSystem.csproj", "{5D5887E5-4B1C-44E4-A302-7B58ADDB3E79}"
EndProject
Global
	GlobalSection(SolutionConfigurationPlatforms) = preSolution
		Debug|Any CPU = Debug|Any CPU
		Release|Any CPU = Release|Any CPU
	EndGlobalSection
	GlobalSection(ProjectConfigurationPlatforms) = postSolution
		{5D5887E5-4B1C-44E4-A302-7B58ADDB3E79}.Debug|Any CPU.ActiveCfg = Debug|Any CPU
		{5D5887E5-4B1C-44E4-A302-7B58ADDB3E79}.Debug|Any CPU.Build.0 = Debug|Any CPU
		{5D5887E5-4B1C-44E4-A302-7B58ADDB3E79}.Release|Any CPU.ActiveCfg = Release|Any CPU
		{5D5887E5-4B1C-44E4-A302-7B58ADDB3E79}.Release|Any CPU.Build.0 = Release|Any CPU
	EndGlobalSection
	GlobalSection(SolutionProperties) = preSolution
		HideSolutionNode = FALSE
	EndGlobalSection
	GlobalSection(ExtensibilityGlobals) = postSolution
		SolutionGuid = {C93BEA92-2D4E-4F17-9724-DB54BA40ACF6}
	EndGlobalSection
EndGlobal
